
Microsoft Visual Studio Solution File, Format Version 12.00
# Visual Studio Version 17
VisualStudioVersion = 17.5.002.0
MinimumVisualStudioVersion = 10.0.40219.1
Project("{9A19103F-16F7-4668-BE54-9A1E7A4F7556}") = "01", "01\01.csproj", "{7FFA06E5-CB39-498A-846C-8F2A19B857A4}"
EndProject
Project("{FAE04EC0-301F-11D3-BF4B-00C04F79EFBC}") = "02", "02\02.csproj", "{442CA893-5274-4EF7-AFD7-4A2663E52AD8}"
EndProject
Project("{FAE04EC0-301F-11D3-BF4B-00C04F79EFBC}") = "03", "03\03.csproj", "{C1198070-D661-423F-A2D6-7293754587D1}"
EndProject
Project("{FAE04EC0-301F-11D3-BF4B-00C04F79EFBC}") = "04", "04\04.csproj", "{ED3B0AC7-BA7E-40C0-88B0-848EEAB1FBAA}"
EndProject
Project("{FAE04EC0-301F-11D3-BF4B-00C04F79EFBC}") = "05", "05\05.csproj", "{98B712B7-E996-4193-B615-D0C25CDBFA07}"
EndProject
Project("{FAE04EC0-301F-11D3-BF4B-00C04F79EFBC}") = "06", "06\06.csproj", "{F176B365-1C9F-45B7-8DBA-A2A29F40E607}"
EndProject
Global
	GlobalSection(SolutionConfigurationPlatforms) = preSolution
		Debug|Any CPU = Debug|Any CPU
		Release|Any CPU = Release|Any CPU
	EndGlobalSection
	GlobalSection(ProjectConfigurationPlatforms) = postSolution
		{7FFA06E5-CB39-498A-846C-8F2A19B857A4}.Debug|Any CPU.ActiveCfg = Debug|Any CPU
		{7FFA06E5-CB39-498A-846C-8F2A19B857A4}.Debug|Any CPU.Build.0 = Debug|Any CPU
		{7FFA06E5-CB39-498A-846C-8F2A19B857A4}.Release|Any CPU.ActiveCfg = Release|Any CPU
		{7FFA06E5-CB39-498A-846C-8F2A19B857A4}.Release|Any CPU.Build.0 = Release|Any CPU
		{442CA893-5274-4EF7-AFD7-4A2663E52AD8}.Debug|Any CPU.ActiveCfg = Debug|Any CPU
		{442CA893-5274-4EF7-AFD7-4A2663E52AD8}.Debug|Any CPU.Build.0 = Debug|Any CPU
		{442CA893-5274-4EF7-AFD7-4A2663E52AD8}.Release|Any CPU.ActiveCfg = Release|Any CPU
		{442CA893-5274-4EF7-AFD7-4A2663E52AD8}.Release|Any CPU.Build.0 = Release|Any CPU
		{C1198070-D661-423F-A2D6-7293754587D1}.Debug|Any CPU.ActiveCfg = Debug|Any CPU
		{C1198070-D661-423F-A2D6-7293754587D1}.Debug|Any CPU.Build.0 = Debug|Any CPU
		{C1198070-D661-423F-A2D6-7293754587D1}.Release|Any CPU.ActiveCfg = Release|Any CPU
		{C1198070-D661-423F-A2D6-7293754587D1}.Release|Any CPU.Build.0 = Release|Any CPU
		{ED3B0AC7-BA7E-40C0-88B0-848EEAB1FBAA}.Debug|Any CPU.ActiveCfg = Debug|Any CPU
		{ED3B0AC7-BA7E-40C0-88B0-848EEAB1FBAA}.Debug|Any CPU.Build.0 = Debug|Any CPU
		{ED3B0AC7-BA7E-40C0-88B0-848EEAB1FBAA}.Release|Any CPU.ActiveCfg = Release|Any CPU
		{ED3B0AC7-BA7E-40C0-88B0-848EEAB1FBAA}.Release|Any CPU.Build.0 = Release|Any CPU
		{98B712B7-E996-4193-B615-D0C25CDBFA07}.Debug|Any CPU.ActiveCfg = Debug|Any CPU
		{98B712B7-E996-4193-B615-D0C25CDBFA07}.Debug|Any CPU.Build.0 = Debug|Any CPU
		{98B712B7-E996-4193-B615-D0C25CDBFA07}.Release|Any CPU.ActiveCfg = Release|Any CPU
		{98B712B7-E996-4193-B615-D0C25CDBFA07}.Release|Any CPU.Build.0 = Release|Any CPU
		{F176B365-1C9F-45B7-8DBA-A2A29F40E607}.Debug|Any CPU.ActiveCfg = Debug|Any CPU
		{F176B365-1C9F-45B7-8DBA-A2A29F40E607}.Debug|Any CPU.Build.0 = Debug|Any CPU
		{F176B365-1C9F-45B7-8DBA-A2A29F40E607}.Release|Any CPU.ActiveCfg = Release|Any CPU
		{F176B365-1C9F-45B7-8DBA-A2A29F40E607}.Release|Any CPU.Build.0 = Release|Any CPU
	EndGlobalSection
	GlobalSection(SolutionProperties) = preSolution
		HideSolutionNode = FALSE
	EndGlobalSection
	GlobalSection(ExtensibilityGlobals) = postSolution
		SolutionGuid = {93D6C976-4AB3-42B5-9409-29F4F2C6BC00}
	EndGlobalSection
EndGlobal
